// !$*UTF8*$!
{
	archiveVersion = 1;
	classes = {
	};
	objectVersion = 46;
	objects = {

/* Begin PBXBuildFile section */
		02F782C61D22966600E3BC29 /* AppDelegate.swift in Sources */ = {isa = PBXBuildFile; fileRef = 02F782C51D22966600E3BC29 /* AppDelegate.swift */; };
		02F782C81D22966600E3BC29 /* BoardViewController.swift in Sources */ = {isa = PBXBuildFile; fileRef = 02F782C71D22966600E3BC29 /* BoardViewController.swift */; };
		02F782CB1D22966600E3BC29 /* Main.storyboard in Resources */ = {isa = PBXBuildFile; fileRef = 02F782C91D22966600E3BC29 /* Main.storyboard */; };
		02F782CD1D22966600E3BC29 /* Assets.xcassets in Resources */ = {isa = PBXBuildFile; fileRef = 02F782CC1D22966600E3BC29 /* Assets.xcassets */; };
		02F782D01D22966600E3BC29 /* LaunchScreen.storyboard in Resources */ = {isa = PBXBuildFile; fileRef = 02F782CE1D22966600E3BC29 /* LaunchScreen.storyboard */; };
		221BD2EF1D25657D00E96DCC /* UserController.swift in Sources */ = {isa = PBXBuildFile; fileRef = 221BD2EE1D25657D00E96DCC /* UserController.swift */; };
		2223F2511D2A64CA00618D45 /* NetworkGamesViewController.swift in Sources */ = {isa = PBXBuildFile; fileRef = 2223F2501D2A64CA00618D45 /* NetworkGamesViewController.swift */; };
		22597AFE1D25727100E32703 /* Onboarding.storyboard in Resources */ = {isa = PBXBuildFile; fileRef = 22597AFC1D25727100E32703 /* Onboarding.storyboard */; };
		226A34A51D23CB760093F3F0 /* OXGame.swift in Sources */ = {isa = PBXBuildFile; fileRef = 226A34A41D23CB760093F3F0 /* OXGame.swift */; };
		22AE49A31D2BDA5000C60C82 /* WebService.swift in Sources */ = {isa = PBXBuildFile; fileRef = 22AE49A21D2BDA5000C60C82 /* WebService.swift */; };
		22E1671E1D2586AC00C26907 /* RegisterViewController.swift in Sources */ = {isa = PBXBuildFile; fileRef = 22E1671D1D2586AC00C26907 /* RegisterViewController.swift */; };
		22E167201D2586D000C26907 /* LoginViewController.swift in Sources */ = {isa = PBXBuildFile; fileRef = 22E1671F1D2586D000C26907 /* LoginViewController.swift */; };
		22E51F7F1D242537000B03D7 /* OXGameController.swift in Sources */ = {isa = PBXBuildFile; fileRef = 22E51F7E1D242537000B03D7 /* OXGameController.swift */; };
		644F2FF0573E3B24F0FF0066 /* Pods_o_X.framework in Frameworks */ = {isa = PBXBuildFile; fileRef = F46831538BC9D0A25EF71F40 /* Pods_o_X.framework */; };
/* End PBXBuildFile section */

/* Begin PBXFileReference section */
		02F782C21D22966500E3BC29 /* o_X.app */ = {isa = PBXFileReference; explicitFileType = wrapper.application; includeInIndex = 0; path = o_X.app; sourceTree = BUILT_PRODUCTS_DIR; };
		02F782C51D22966600E3BC29 /* AppDelegate.swift */ = {isa = PBXFileReference; lastKnownFileType = sourcecode.swift; path = AppDelegate.swift; sourceTree = "<group>"; };
		02F782C71D22966600E3BC29 /* BoardViewController.swift */ = {isa = PBXFileReference; lastKnownFileType = sourcecode.swift; path = BoardViewController.swift; sourceTree = "<group>"; };
		02F782CA1D22966600E3BC29 /* Base */ = {isa = PBXFileReference; lastKnownFileType = file.storyboard; name = Base; path = Base.lproj/Main.storyboard; sourceTree = "<group>"; };
		02F782CC1D22966600E3BC29 /* Assets.xcassets */ = {isa = PBXFileReference; lastKnownFileType = folder.assetcatalog; path = Assets.xcassets; sourceTree = "<group>"; };
		02F782CF1D22966600E3BC29 /* Base */ = {isa = PBXFileReference; lastKnownFileType = file.storyboard; name = Base; path = Base.lproj/LaunchScreen.storyboard; sourceTree = "<group>"; };
		02F782D11D22966600E3BC29 /* Info.plist */ = {isa = PBXFileReference; lastKnownFileType = text.plist.xml; path = Info.plist; sourceTree = "<group>"; };
		221BD2EE1D25657D00E96DCC /* UserController.swift */ = {isa = PBXFileReference; fileEncoding = 4; lastKnownFileType = sourcecode.swift; path = UserController.swift; sourceTree = "<group>"; };
		2223F2501D2A64CA00618D45 /* NetworkGamesViewController.swift */ = {isa = PBXFileReference; fileEncoding = 4; lastKnownFileType = sourcecode.swift; path = NetworkGamesViewController.swift; sourceTree = "<group>"; };
		22597AFD1D25727100E32703 /* Base */ = {isa = PBXFileReference; lastKnownFileType = file.storyboard; name = Base; path = o_X/Base.lproj/Onboarding.storyboard; sourceTree = "<group>"; };
		226A34A41D23CB760093F3F0 /* OXGame.swift */ = {isa = PBXFileReference; fileEncoding = 4; lastKnownFileType = sourcecode.swift; name = OXGame.swift; path = ../OXGame.swift; sourceTree = "<group>"; };
		22AE49A21D2BDA5000C60C82 /* WebService.swift */ = {isa = PBXFileReference; fileEncoding = 4; lastKnownFileType = sourcecode.swift; path = WebService.swift; sourceTree = "<group>"; };
		22E1671D1D2586AC00C26907 /* RegisterViewController.swift */ = {isa = PBXFileReference; fileEncoding = 4; lastKnownFileType = sourcecode.swift; path = RegisterViewController.swift; sourceTree = "<group>"; };
		22E1671F1D2586D000C26907 /* LoginViewController.swift */ = {isa = PBXFileReference; fileEncoding = 4; lastKnownFileType = sourcecode.swift; path = LoginViewController.swift; sourceTree = "<group>"; };
		22E51F7E1D242537000B03D7 /* OXGameController.swift */ = {isa = PBXFileReference; fileEncoding = 4; lastKnownFileType = sourcecode.swift; path = OXGameController.swift; sourceTree = "<group>"; };
		294BBA46951747DA782CFDE1 /* Pods-o_X.debug.xcconfig */ = {isa = PBXFileReference; includeInIndex = 1; lastKnownFileType = text.xcconfig; name = "Pods-o_X.debug.xcconfig"; path = "Pods/Target Support Files/Pods-o_X/Pods-o_X.debug.xcconfig"; sourceTree = "<group>"; };
		4EEC2F645DCAAF45B3FEE6BC /* Pods-o_X.release.xcconfig */ = {isa = PBXFileReference; includeInIndex = 1; lastKnownFileType = text.xcconfig; name = "Pods-o_X.release.xcconfig"; path = "Pods/Target Support Files/Pods-o_X/Pods-o_X.release.xcconfig"; sourceTree = "<group>"; };
		F46831538BC9D0A25EF71F40 /* Pods_o_X.framework */ = {isa = PBXFileReference; explicitFileType = wrapper.framework; includeInIndex = 0; path = Pods_o_X.framework; sourceTree = BUILT_PRODUCTS_DIR; };
/* End PBXFileReference section */

/* Begin PBXFrameworksBuildPhase section */
		02F782BF1D22966500E3BC29 /* Frameworks */ = {
			isa = PBXFrameworksBuildPhase;
			buildActionMask = 2147483647;
			files = (
				644F2FF0573E3B24F0FF0066 /* Pods_o_X.framework in Frameworks */,
			);
			runOnlyForDeploymentPostprocessing = 0;
		};
/* End PBXFrameworksBuildPhase section */

/* Begin PBXGroup section */
		02F782B91D22966500E3BC29 = {
			isa = PBXGroup;
			children = (
				02F782C41D22966600E3BC29 /* o_X */,
				02F782C31D22966500E3BC29 /* Products */,
				DCFF57114F0C6BF78E3BAD7C /* Pods */,
				D5DFD93A2F1E98598AD2E8DD /* Frameworks */,
			);
			sourceTree = "<group>";
		};
		02F782C31D22966500E3BC29 /* Products */ = {
			isa = PBXGroup;
			children = (
				02F782C21D22966500E3BC29 /* o_X.app */,
			);
			name = Products;
			sourceTree = "<group>";
		};
		02F782C41D22966600E3BC29 /* o_X */ = {
			isa = PBXGroup;
			children = (
				22597AFC1D25727100E32703 /* Onboarding.storyboard */,
				22E1671F1D2586D000C26907 /* LoginViewController.swift */,
				22E1671D1D2586AC00C26907 /* RegisterViewController.swift */,
				02F782C51D22966600E3BC29 /* AppDelegate.swift */,
				22AE49A21D2BDA5000C60C82 /* WebService.swift */,
				02F782C71D22966600E3BC29 /* BoardViewController.swift */,
				02F782C91D22966600E3BC29 /* Main.storyboard */,
				2223F2501D2A64CA00618D45 /* NetworkGamesViewController.swift */,
				22E51F7E1D242537000B03D7 /* OXGameController.swift */,
				221BD2EE1D25657D00E96DCC /* UserController.swift */,
				02F782CC1D22966600E3BC29 /* Assets.xcassets */,
				02F782CE1D22966600E3BC29 /* LaunchScreen.storyboard */,
				226A34A61D23CB820093F3F0 /* Model Groups */,
				02F782D11D22966600E3BC29 /* Info.plist */,
			);
			path = o_X;
			sourceTree = "<group>";
		};
		226A34A61D23CB820093F3F0 /* Model Groups */ = {
			isa = PBXGroup;
			children = (
				226A34A41D23CB760093F3F0 /* OXGame.swift */,
			);
			name = "Model Groups";
			sourceTree = "<group>";
		};
		D5DFD93A2F1E98598AD2E8DD /* Frameworks */ = {
			isa = PBXGroup;
			children = (
				F46831538BC9D0A25EF71F40 /* Pods_o_X.framework */,
			);
			name = Frameworks;
			sourceTree = "<group>";
		};
		DCFF57114F0C6BF78E3BAD7C /* Pods */ = {
			isa = PBXGroup;
			children = (
				294BBA46951747DA782CFDE1 /* Pods-o_X.debug.xcconfig */,
				4EEC2F645DCAAF45B3FEE6BC /* Pods-o_X.release.xcconfig */,
			);
			name = Pods;
			sourceTree = "<group>";
		};
/* End PBXGroup section */

/* Begin PBXNativeTarget section */
		02F782C11D22966500E3BC29 /* o_X */ = {
			isa = PBXNativeTarget;
			buildConfigurationList = 02F782D41D22966600E3BC29 /* Build configuration list for PBXNativeTarget "o_X" */;
			buildPhases = (
				56705E8E300F91E9AE6877D7 /* [CP] Check Pods Manifest.lock */,
				02F782BE1D22966500E3BC29 /* Sources */,
				02F782BF1D22966500E3BC29 /* Frameworks */,
				02F782C01D22966500E3BC29 /* Resources */,
				63C3CABEB1F74ECB07BDD81F /* [CP] Embed Pods Frameworks */,
				3555C9B0A63AA22E86A2C938 /* [CP] Copy Pods Resources */,
			);
			buildRules = (
			);
			dependencies = (
			);
			name = o_X;
			productName = o_X;
			productReference = 02F782C21D22966500E3BC29 /* o_X.app */;
			productType = "com.apple.product-type.application";
		};
/* End PBXNativeTarget section */

/* Begin PBXProject section */
		02F782BA1D22966500E3BC29 /* Project object */ = {
			isa = PBXProject;
			attributes = {
				LastSwiftUpdateCheck = 0730;
				LastUpgradeCheck = 0730;
				ORGANIZATIONNAME = iX;
				TargetAttributes = {
					02F782C11D22966500E3BC29 = {
						CreatedOnToolsVersion = 7.3.1;
						DevelopmentTeam = 429769UGK3;
					};
				};
			};
			buildConfigurationList = 02F782BD1D22966500E3BC29 /* Build configuration list for PBXProject "o_X" */;
			compatibilityVersion = "Xcode 3.2";
			developmentRegion = English;
			hasScannedForEncodings = 0;
			knownRegions = (
				en,
				Base,
			);
			mainGroup = 02F782B91D22966500E3BC29;
			productRefGroup = 02F782C31D22966500E3BC29 /* Products */;
			projectDirPath = "";
			projectRoot = "";
			targets = (
				02F782C11D22966500E3BC29 /* o_X */,
			);
		};
/* End PBXProject section */

/* Begin PBXResourcesBuildPhase section */
		02F782C01D22966500E3BC29 /* Resources */ = {
			isa = PBXResourcesBuildPhase;
			buildActionMask = 2147483647;
			files = (
				02F782D01D22966600E3BC29 /* LaunchScreen.storyboard in Resources */,
				02F782CD1D22966600E3BC29 /* Assets.xcassets in Resources */,
				02F782CB1D22966600E3BC29 /* Main.storyboard in Resources */,
				22597AFE1D25727100E32703 /* Onboarding.storyboard in Resources */,
			);
			runOnlyForDeploymentPostprocessing = 0;
		};
/* End PBXResourcesBuildPhase section */

/* Begin PBXShellScriptBuildPhase section */
		3555C9B0A63AA22E86A2C938 /* [CP] Copy Pods Resources */ = {
			isa = PBXShellScriptBuildPhase;
			buildActionMask = 2147483647;
			files = (
			);
			inputPaths = (
			);
			name = "[CP] Copy Pods Resources";
			outputPaths = (
			);
			runOnlyForDeploymentPostprocessing = 0;
			shellPath = /bin/sh;
			shellScript = "\"${SRCROOT}/Pods/Target Support Files/Pods-o_X/Pods-o_X-resources.sh\"\n";
			showEnvVarsInLog = 0;
		};
		56705E8E300F91E9AE6877D7 /* [CP] Check Pods Manifest.lock */ = {
			isa = PBXShellScriptBuildPhase;
			buildActionMask = 2147483647;
			files = (
			);
			inputPaths = (
			);
			name = "[CP] Check Pods Manifest.lock";
			outputPaths = (
			);
			runOnlyForDeploymentPostprocessing = 0;
			shellPath = /bin/sh;
			shellScript = "diff \"${PODS_ROOT}/../Podfile.lock\" \"${PODS_ROOT}/Manifest.lock\" > /dev/null\nif [[ $? != 0 ]] ; then\n    cat << EOM\nerror: The sandbox is not in sync with the Podfile.lock. Run 'pod install' or update your CocoaPods installation.\nEOM\n    exit 1\nfi\n";
			showEnvVarsInLog = 0;
		};
		63C3CABEB1F74ECB07BDD81F /* [CP] Embed Pods Frameworks */ = {
			isa = PBXShellScriptBuildPhase;
			buildActionMask = 2147483647;
			files = (
			);
			inputPaths = (
			);
			name = "[CP] Embed Pods Frameworks";
			outputPaths = (
			);
			runOnlyForDeploymentPostprocessing = 0;
			shellPath = /bin/sh;
			shellScript = "\"${SRCROOT}/Pods/Target Support Files/Pods-o_X/Pods-o_X-frameworks.sh\"\n";
			showEnvVarsInLog = 0;
		};
/* End PBXShellScriptBuildPhase section */

/* Begin PBXSourcesBuildPhase section */
		02F782BE1D22966500E3BC29 /* Sources */ = {
			isa = PBXSourcesBuildPhase;
			buildActionMask = 2147483647;
			files = (
				22AE49A31D2BDA5000C60C82 /* WebService.swift in Sources */,
				22E167201D2586D000C26907 /* LoginViewController.swift in Sources */,
				02F782C81D22966600E3BC29 /* BoardViewController.swift in Sources */,
				2223F2511D2A64CA00618D45 /* NetworkGamesViewController.swift in Sources */,
				226A34A51D23CB760093F3F0 /* OXGame.swift in Sources */,
				221BD2EF1D25657D00E96DCC /* UserController.swift in Sources */,
				22E1671E1D2586AC00C26907 /* RegisterViewController.swift in Sources */,
				22E51F7F1D242537000B03D7 /* OXGameController.swift in Sources */,
				02F782C61D22966600E3BC29 /* AppDelegate.swift in Sources */,
			);
			runOnlyForDeploymentPostprocessing = 0;
		};
/* End PBXSourcesBuildPhase section */

/* Begin PBXVariantGroup section */
		02F782C91D22966600E3BC29 /* Main.storyboard */ = {
			isa = PBXVariantGroup;
			children = (
				02F782CA1D22966600E3BC29 /* Base */,
			);
			name = Main.storyboard;
			sourceTree = "<group>";
		};
		02F782CE1D22966600E3BC29 /* LaunchScreen.storyboard */ = {
			isa = PBXVariantGroup;
			children = (
				02F782CF1D22966600E3BC29 /* Base */,
			);
			name = LaunchScreen.storyboard;
			sourceTree = "<group>";
		};
		22597AFC1D25727100E32703 /* Onboarding.storyboard */ = {
			isa = PBXVariantGroup;
			children = (
				22597AFD1D25727100E32703 /* Base */,
			);
			name = Onboarding.storyboard;
			path = ..;
			sourceTree = "<group>";
		};
/* End PBXVariantGroup section */

/* Begin XCBuildConfiguration section */
		02F782D21D22966600E3BC29 /* Debug */ = {
			isa = XCBuildConfiguration;
			buildSettings = {
				ALWAYS_SEARCH_USER_PATHS = NO;
				CLANG_ANALYZER_NONNULL = YES;
				CLANG_CXX_LANGUAGE_STANDARD = "gnu++0x";
				CLANG_CXX_LIBRARY = "libc++";
				CLANG_ENABLE_MODULES = YES;
				CLANG_ENABLE_OBJC_ARC = YES;
				CLANG_WARN_BOOL_CONVERSION = YES;
				CLANG_WARN_CONSTANT_CONVERSION = YES;
				CLANG_WARN_DIRECT_OBJC_ISA_USAGE = YES_ERROR;
				CLANG_WARN_EMPTY_BODY = YES;
				CLANG_WARN_ENUM_CONVERSION = YES;
				CLANG_WARN_INT_CONVERSION = YES;
				CLANG_WARN_OBJC_ROOT_CLASS = YES_ERROR;
				CLANG_WARN_UNREACHABLE_CODE = YES;
				CLANG_WARN__DUPLICATE_METHOD_MATCH = YES;
				"CODE_SIGN_IDENTITY[sdk=iphoneos*]" = "iPhone Developer";
				COPY_PHASE_STRIP = NO;
				DEBUG_INFORMATION_FORMAT = dwarf;
				ENABLE_STRICT_OBJC_MSGSEND = YES;
				ENABLE_TESTABILITY = YES;
				GCC_C_LANGUAGE_STANDARD = gnu99;
				GCC_DYNAMIC_NO_PIC = NO;
				GCC_NO_COMMON_BLOCKS = YES;
				GCC_OPTIMIZATION_LEVEL = 0;
				GCC_PREPROCESSOR_DEFINITIONS = (
					"DEBUG=1",
					"$(inherited)",
				);
				GCC_WARN_64_TO_32_BIT_CONVERSION = YES;
				GCC_WARN_ABOUT_RETURN_TYPE = YES_ERROR;
				GCC_WARN_UNDECLARED_SELECTOR = YES;
				GCC_WARN_UNINITIALIZED_AUTOS = YES_AGGRESSIVE;
				GCC_WARN_UNUSED_FUNCTION = YES;
				GCC_WARN_UNUSED_VARIABLE = YES;
				IPHONEOS_DEPLOYMENT_TARGET = 9.3;
				MTL_ENABLE_DEBUG_INFO = YES;
				ONLY_ACTIVE_ARCH = YES;
				SDKROOT = iphoneos;
				SWIFT_OPTIMIZATION_LEVEL = "-Onone";
			};
			name = Debug;
		};
		02F782D31D22966600E3BC29 /* Release */ = {
			isa = XCBuildConfiguration;
			buildSettings = {
				ALWAYS_SEARCH_USER_PATHS = NO;
				CLANG_ANALYZER_NONNULL = YES;
				CLANG_CXX_LANGUAGE_STANDARD = "gnu++0x";
				CLANG_CXX_LIBRARY = "libc++";
				CLANG_ENABLE_MODULES = YES;
				CLANG_ENABLE_OBJC_ARC = YES;
				CLANG_WARN_BOOL_CONVERSION = YES;
				CLANG_WARN_CONSTANT_CONVERSION = YES;
				CLANG_WARN_DIRECT_OBJC_ISA_USAGE = YES_ERROR;
				CLANG_WARN_EMPTY_BODY = YES;
				CLANG_WARN_ENUM_CONVERSION = YES;
				CLANG_WARN_INT_CONVERSION = YES;
				CLANG_WARN_OBJC_ROOT_CLASS = YES_ERROR;
				CLANG_WARN_UNREACHABLE_CODE = YES;
				CLANG_WARN__DUPLICATE_METHOD_MATCH = YES;
				"CODE_SIGN_IDENTITY[sdk=iphoneos*]" = "iPhone Developer";
				COPY_PHASE_STRIP = NO;
				DEBUG_INFORMATION_FORMAT = "dwarf-with-dsym";
				ENABLE_NS_ASSERTIONS = NO;
				ENABLE_STRICT_OBJC_MSGSEND = YES;
				GCC_C_LANGUAGE_STANDARD = gnu99;
				GCC_NO_COMMON_BLOCKS = YES;
				GCC_WARN_64_TO_32_BIT_CONVERSION = YES;
				GCC_WARN_ABOUT_RETURN_TYPE = YES_ERROR;
				GCC_WARN_UNDECLARED_SELECTOR = YES;
				GCC_WARN_UNINITIALIZED_AUTOS = YES_AGGRESSIVE;
				GCC_WARN_UNUSED_FUNCTION = YES;
				GCC_WARN_UNUSED_VARIABLE = YES;
				IPHONEOS_DEPLOYMENT_TARGET = 9.3;
				MTL_ENABLE_DEBUG_INFO = NO;
				SDKROOT = iphoneos;
				VALIDATE_PRODUCT = YES;
			};
			name = Release;
		};
		02F782D51D22966600E3BC29 /* Debug */ = {
			isa = XCBuildConfiguration;
			baseConfigurationReference = 294BBA46951747DA782CFDE1 /* Pods-o_X.debug.xcconfig */;
			buildSettings = {
				ASSETCATALOG_COMPILER_APPICON_NAME = AppIcon;
				CODE_SIGN_IDENTITY = "iPhone Developer";
				"CODE_SIGN_IDENTITY[sdk=iphoneos*]" = "iPhone Developer";
				INFOPLIST_FILE = o_X/Info.plist;
				IPHONEOS_DEPLOYMENT_TARGET = 9.3;
				LD_RUNPATH_SEARCH_PATHS = "$(inherited) @executable_path/Frameworks";
				PRODUCT_BUNDLE_IDENTIFIER = "Sam-o-X";
				PRODUCT_NAME = "$(TARGET_NAME)";
				PROVISIONING_PROFILE = "";
			};
			name = Debug;
		};
		02F782D61D22966600E3BC29 /* Release */ = {
			isa = XCBuildConfiguration;
			baseConfigurationReference = 4EEC2F645DCAAF45B3FEE6BC /* Pods-o_X.release.xcconfig */;
			buildSettings = {
				ASSETCATALOG_COMPILER_APPICON_NAME = AppIcon;
				CODE_SIGN_IDENTITY = "iPhone Developer";
				"CODE_SIGN_IDENTITY[sdk=iphoneos*]" = "iPhone Developer";
				INFOPLIST_FILE = o_X/Info.plist;
				IPHONEOS_DEPLOYMENT_TARGET = 9.3;
				LD_RUNPATH_SEARCH_PATHS = "$(inherited) @executable_path/Frameworks";
				PRODUCT_BUNDLE_IDENTIFIER = "Sam-o-X";
				PRODUCT_NAME = "$(TARGET_NAME)";
				PROVISIONING_PROFILE = "";
			};
			name = Release;
		};
/* End XCBuildConfiguration section */

/* Begin XCConfigurationList section */
		02F782BD1D22966500E3BC29 /* Build configuration list for PBXProject "o_X" */ = {
			isa = XCConfigurationList;
			buildConfigurations = (
				02F782D21D22966600E3BC29 /* Debug */,
				02F782D31D22966600E3BC29 /* Release */,
			);
			defaultConfigurationIsVisible = 0;
			defaultConfigurationName = Release;
		};
		02F782D41D22966600E3BC29 /* Build configuration list for PBXNativeTarget "o_X" */ = {
			isa = XCConfigurationList;
			buildConfigurations = (
				02F782D51D22966600E3BC29 /* Debug */,
				02F782D61D22966600E3BC29 /* Release */,
			);
			defaultConfigurationIsVisible = 0;
			defaultConfigurationName = Release;
		};
/* End XCConfigurationList section */
	};
	rootObject = 02F782BA1D22966500E3BC29 /* Project object */;
}
